
Microsoft Visual Studio Solution File, Format Version 12.00
# Visual Studio Version 16
VisualStudioVersion = 16.0.30503.244
MinimumVisualStudioVersion = 10.0.40219.1
Project("{9A19103F-16F7-4668-BE54-9A1E7A4F7556}") = "labs01", "labs01\labs01.csproj", "{422D698C-8960-4EFC-BEBD-F656EE328A57}"
EndProject
Project("{FAE04EC0-301F-11D3-BF4B-00C04F79EFBC}") = "labs02", "labs02\labs02.csproj", "{72BD884F-B498-46D3-80EB-AFCC8342191D}"
EndProject
Global
	GlobalSection(SolutionConfigurationPlatforms) = preSolution
		Debug|Any CPU = Debug|Any CPU
		Release|Any CPU = Release|Any CPU
	EndGlobalSection
	GlobalSection(ProjectConfigurationPlatforms) = postSolution
		{422D698C-8960-4EFC-BEBD-F656EE328A57}.Debug|Any CPU.ActiveCfg = Debug|Any CPU
		{422D698C-8960-4EFC-BEBD-F656EE328A57}.Debug|Any CPU.Build.0 = Debug|Any CPU
		{422D698C-8960-4EFC-BEBD-F656EE328A57}.Release|Any CPU.ActiveCfg = Release|Any CPU
		{422D698C-8960-4EFC-BEBD-F656EE328A57}.Release|Any CPU.Build.0 = Release|Any CPU
		{72BD884F-B498-46D3-80EB-AFCC8342191D}.Debug|Any CPU.ActiveCfg = Debug|Any CPU
		{72BD884F-B498-46D3-80EB-AFCC8342191D}.Debug|Any CPU.Build.0 = Debug|Any CPU
		{72BD884F-B498-46D3-80EB-AFCC8342191D}.Release|Any CPU.ActiveCfg = Release|Any CPU
		{72BD884F-B498-46D3-80EB-AFCC8342191D}.Release|Any CPU.Build.0 = Release|Any CPU
	EndGlobalSection
	GlobalSection(SolutionProperties) = preSolution
		HideSolutionNode = FALSE
	EndGlobalSection
	GlobalSection(ExtensibilityGlobals) = postSolution
		SolutionGuid = {162C9DAB-74CB-4435-8F33-A23F0E319965}
	EndGlobalSection
EndGlobal
